
Microsoft Visual Studio Solution File, Format Version 12.00
# Visual Studio 15
VisualStudioVersion = 15.0.28307.572
MinimumVisualStudioVersion = 10.0.40219.1
Project("{FAE04EC0-301F-11D3-BF4B-00C04F79EFBC}") = "Auction", "Auction\Auction.csproj", "{ACCC14DF-C5C6-4631-8C72-9EAA91C34C02}"
EndProject
Global
	GlobalSection(SolutionConfigurationPlatforms) = preSolution
		Debug|Any CPU = Debug|Any CPU
		Release|Any CPU = Release|Any CPU
	EndGlobalSection
	GlobalSection(ProjectConfigurationPlatforms) = postSolution
		{ACCC14DF-C5C6-4631-8C72-9EAA91C34C02}.Debug|Any CPU.ActiveCfg = Debug|Any CPU
		{ACCC14DF-C5C6-4631-8C72-9EAA91C34C02}.Debug|Any CPU.Build.0 = Debug|Any CPU
		{ACCC14DF-C5C6-4631-8C72-9EAA91C34C02}.Release|Any CPU.ActiveCfg = Release|Any CPU
		{ACCC14DF-C5C6-4631-8C72-9EAA91C34C02}.Release|Any CPU.Build.0 = Release|Any CPU
	EndGlobalSection
	GlobalSection(SolutionProperties) = preSolution
		HideSolutionNode = FALSE
	EndGlobalSection
	GlobalSection(ExtensibilityGlobals) = postSolution
		SolutionGuid = {304AA587-FD60-46F7-A558-A3AB41EE0027}
	EndGlobalSection
EndGlobal
